
Microsoft Visual Studio Solution File, Format Version 12.00
# Visual Studio 15
Project("{FAE04EC0-301F-11D3-BF4B-00C04F79EFBC}") = "FeatureToggleExample.Web", "FeatureToggleExample.Web\FeatureToggleExample.Web.csproj", "{E80D9828-F83A-48F5-A7BB-94BD86CB6B28}"
EndProject
Global
	GlobalSection(SolutionConfigurationPlatforms) = preSolution
		Debug|Any CPU = Debug|Any CPU
		Release|Any CPU = Release|Any CPU
	EndGlobalSection
	GlobalSection(ProjectConfigurationPlatforms) = postSolution
		{E80D9828-F83A-48F5-A7BB-94BD86CB6B28}.Debug|Any CPU.ActiveCfg = Debug|Any CPU
		{E80D9828-F83A-48F5-A7BB-94BD86CB6B28}.Debug|Any CPU.Build.0 = Debug|Any CPU
		{E80D9828-F83A-48F5-A7BB-94BD86CB6B28}.Release|Any CPU.ActiveCfg = Release|Any CPU
		{E80D9828-F83A-48F5-A7BB-94BD86CB6B28}.Release|Any CPU.Build.0 = Release|Any CPU
	EndGlobalSection
EndGlobal
